// !$*UTF8*$!
{
	archiveVersion = 1;
	classes = {
	};
	objectVersion = 55;
	objects = {

/* Begin PBXBuildFile section */
		25795C44286DD01600AB1C29 /* AppDelegate.swift in Sources */ = {isa = PBXBuildFile; fileRef = 25795C43286DD01600AB1C29 /* AppDelegate.swift */; };
		25795C46286DD01600AB1C29 /* SceneDelegate.swift in Sources */ = {isa = PBXBuildFile; fileRef = 25795C45286DD01600AB1C29 /* SceneDelegate.swift */; };
		25795C48286DD01600AB1C29 /* ViewController.swift in Sources */ = {isa = PBXBuildFile; fileRef = 25795C47286DD01600AB1C29 /* ViewController.swift */; };
		25795C4B286DD01600AB1C29 /* Main.storyboard in Resources */ = {isa = PBXBuildFile; fileRef = 25795C49286DD01600AB1C29 /* Main.storyboard */; };
		25795C4D286DD01900AB1C29 /* Assets.xcassets in Resources */ = {isa = PBXBuildFile; fileRef = 25795C4C286DD01900AB1C29 /* Assets.xcassets */; };
		25795C50286DD01900AB1C29 /* LaunchScreen.storyboard in Resources */ = {isa = PBXBuildFile; fileRef = 25795C4E286DD01900AB1C29 /* LaunchScreen.storyboard */; };
		25795C70286DD0B400AB1C29 /* ModuleA in Frameworks */ = {isa = PBXBuildFile; productRef = 25795C6F286DD0B400AB1C29 /* ModuleA */; };
		25795C72286DD0B700AB1C29 /* ModuleB.framework in Frameworks */ = {isa = PBXBuildFile; fileRef = 25795C71286DD0B700AB1C29 /* ModuleB.framework */; };
		25795C73286DD0B700AB1C29 /* ModuleB.framework in Embed Frameworks */ = {isa = PBXBuildFile; fileRef = 25795C71286DD0B700AB1C29 /* ModuleB.framework */; settings = {ATTRIBUTES = (CodeSignOnCopy, RemoveHeadersOnCopy, ); }; };
		25795C75286DD0DD00AB1C29 /* ModuleA in Embed Frameworks */ = {isa = PBXBuildFile; productRef = 25795C6F286DD0B400AB1C29 /* ModuleA */; settings = {ATTRIBUTES = (CodeSignOnCopy, ); }; };
		25795C7B286DD4D000AB1C29 /* Test.m in Sources */ = {isa = PBXBuildFile; fileRef = 25795C7A286DD4D000AB1C29 /* Test.m */; };
/* End PBXBuildFile section */

/* Begin PBXCopyFilesBuildPhase section */
		25795C74286DD0B800AB1C29 /* Embed Frameworks */ = {
			isa = PBXCopyFilesBuildPhase;
			buildActionMask = 2147483647;
			dstPath = "";
			dstSubfolderSpec = 10;
			files = (
				25795C75286DD0DD00AB1C29 /* ModuleA in Embed Frameworks */,
				25795C73286DD0B700AB1C29 /* ModuleB.framework in Embed Frameworks */,
			);
			name = "Embed Frameworks";
			runOnlyForDeploymentPostprocessing = 0;
		};
/* End PBXCopyFilesBuildPhase section */

/* Begin PBXFileReference section */
		25795C40286DD01600AB1C29 /* RoadToSPMModuleNotFound.app */ = {isa = PBXFileReference; explicitFileType = wrapper.application; includeInIndex = 0; path = RoadToSPMModuleNotFound.app; sourceTree = BUILT_PRODUCTS_DIR; };
		25795C43286DD01600AB1C29 /* AppDelegate.swift */ = {isa = PBXFileReference; lastKnownFileType = sourcecode.swift; path = AppDelegate.swift; sourceTree = "<group>"; };
		25795C45286DD01600AB1C29 /* SceneDelegate.swift */ = {isa = PBXFileReference; lastKnownFileType = sourcecode.swift; path = SceneDelegate.swift; sourceTree = "<group>"; };
		25795C47286DD01600AB1C29 /* ViewController.swift */ = {isa = PBXFileReference; lastKnownFileType = sourcecode.swift; path = ViewController.swift; sourceTree = "<group>"; };
		25795C4A286DD01600AB1C29 /* Base */ = {isa = PBXFileReference; lastKnownFileType = file.storyboard; name = Base; path = Base.lproj/Main.storyboard; sourceTree = "<group>"; };
		25795C4C286DD01900AB1C29 /* Assets.xcassets */ = {isa = PBXFileReference; lastKnownFileType = folder.assetcatalog; path = Assets.xcassets; sourceTree = "<group>"; };
		25795C4F286DD01900AB1C29 /* Base */ = {isa = PBXFileReference; lastKnownFileType = file.storyboard; name = Base; path = Base.lproj/LaunchScreen.storyboard; sourceTree = "<group>"; };
		25795C51286DD01900AB1C29 /* Info.plist */ = {isa = PBXFileReference; lastKnownFileType = text.plist.xml; path = Info.plist; sourceTree = "<group>"; };
		25795C71286DD0B700AB1C29 /* ModuleB.framework */ = {isa = PBXFileReference; explicitFileType = wrapper.framework; path = ModuleB.framework; sourceTree = BUILT_PRODUCTS_DIR; };
		25795C78286DD4BE00AB1C29 /* Test.h */ = {isa = PBXFileReference; lastKnownFileType = sourcecode.c.h; path = Test.h; sourceTree = "<group>"; };
		25795C79286DD4D000AB1C29 /* RoadToSPMModuleNotFound-Bridging-Header.h */ = {isa = PBXFileReference; lastKnownFileType = sourcecode.c.h; path = "RoadToSPMModuleNotFound-Bridging-Header.h"; sourceTree = "<group>"; };
		25795C7A286DD4D000AB1C29 /* Test.m */ = {isa = PBXFileReference; lastKnownFileType = sourcecode.c.objc; path = Test.m; sourceTree = "<group>"; };
/* End PBXFileReference section */

/* Begin PBXFrameworksBuildPhase section */
		25795C3D286DD01600AB1C29 /* Frameworks */ = {
			isa = PBXFrameworksBuildPhase;
			buildActionMask = 2147483647;
			files = (
				25795C70286DD0B400AB1C29 /* ModuleA in Frameworks */,
				25795C72286DD0B700AB1C29 /* ModuleB.framework in Frameworks */,
			);
			runOnlyForDeploymentPostprocessing = 0;
		};
/* End PBXFrameworksBuildPhase section */

/* Begin PBXGroup section */
		25795C37286DD01600AB1C29 = {
			isa = PBXGroup;
			children = (
				25795C42286DD01600AB1C29 /* RoadToSPMModuleNotFound */,
				25795C41286DD01600AB1C29 /* Products */,
				25795C6E286DD0B400AB1C29 /* Frameworks */,
			);
			sourceTree = "<group>";
		};
		25795C41286DD01600AB1C29 /* Products */ = {
			isa = PBXGroup;
			children = (
				25795C40286DD01600AB1C29 /* RoadToSPMModuleNotFound.app */,
			);
			name = Products;
			sourceTree = "<group>";
		};
		25795C42286DD01600AB1C29 /* RoadToSPMModuleNotFound */ = {
			isa = PBXGroup;
			children = (
				25795C43286DD01600AB1C29 /* AppDelegate.swift */,
				25795C45286DD01600AB1C29 /* SceneDelegate.swift */,
				25795C47286DD01600AB1C29 /* ViewController.swift */,
				25795C78286DD4BE00AB1C29 /* Test.h */,
				25795C7A286DD4D000AB1C29 /* Test.m */,
				25795C49286DD01600AB1C29 /* Main.storyboard */,
				25795C4C286DD01900AB1C29 /* Assets.xcassets */,
				25795C4E286DD01900AB1C29 /* LaunchScreen.storyboard */,
				25795C51286DD01900AB1C29 /* Info.plist */,
				25795C79286DD4D000AB1C29 /* RoadToSPMModuleNotFound-Bridging-Header.h */,
			);
			path = RoadToSPMModuleNotFound;
			sourceTree = "<group>";
		};
		25795C6E286DD0B400AB1C29 /* Frameworks */ = {
			isa = PBXGroup;
			children = (
				25795C71286DD0B700AB1C29 /* ModuleB.framework */,
			);
			name = Frameworks;
			sourceTree = "<group>";
		};
/* End PBXGroup section */

/* Begin PBXNativeTarget section */
		25795C3F286DD01600AB1C29 /* RoadToSPMModuleNotFound */ = {
			isa = PBXNativeTarget;
			buildConfigurationList = 25795C54286DD01900AB1C29 /* Build configuration list for PBXNativeTarget "RoadToSPMModuleNotFound" */;
			buildPhases = (
				25795C3C286DD01600AB1C29 /* Sources */,
				25795C3D286DD01600AB1C29 /* Frameworks */,
				25795C3E286DD01600AB1C29 /* Resources */,
				25795C74286DD0B800AB1C29 /* Embed Frameworks */,
			);
			buildRules = (
			);
			dependencies = (
			);
			name = RoadToSPMModuleNotFound;
			packageProductDependencies = (
				25795C6F286DD0B400AB1C29 /* ModuleA */,
			);
			productName = RoadToSPMModuleNotFound;
			productReference = 25795C40286DD01600AB1C29 /* RoadToSPMModuleNotFound.app */;
			productType = "com.apple.product-type.application";
		};
/* End PBXNativeTarget section */

/* Begin PBXProject section */
		25795C38286DD01600AB1C29 /* Project object */ = {
			isa = PBXProject;
			attributes = {
				BuildIndependentTargetsInParallel = 1;
				LastSwiftUpdateCheck = 1320;
				LastUpgradeCheck = 1320;
				TargetAttributes = {
					25795C3F286DD01600AB1C29 = {
						CreatedOnToolsVersion = 13.2.1;
						LastSwiftMigration = 1320;
					};
				};
			};
			buildConfigurationList = 25795C3B286DD01600AB1C29 /* Build configuration list for PBXProject "RoadToSPMModuleNotFound" */;
			compatibilityVersion = "Xcode 13.0";
			developmentRegion = en;
			hasScannedForEncodings = 0;
			knownRegions = (
				en,
				Base,
			);
			mainGroup = 25795C37286DD01600AB1C29;
			productRefGroup = 25795C41286DD01600AB1C29 /* Products */;
			projectDirPath = "";
			projectRoot = "";
			targets = (
				25795C3F286DD01600AB1C29 /* RoadToSPMModuleNotFound */,
			);
		};
/* End PBXProject section */

/* Begin PBXResourcesBuildPhase section */
		25795C3E286DD01600AB1C29 /* Resources */ = {
			isa = PBXResourcesBuildPhase;
			buildActionMask = 2147483647;
			files = (
				25795C50286DD01900AB1C29 /* LaunchScreen.storyboard in Resources */,
				25795C4D286DD01900AB1C29 /* Assets.xcassets in Resources */,
				25795C4B286DD01600AB1C29 /* Main.storyboard in Resources */,
			);
			runOnlyForDeploymentPostprocessing = 0;
		};
/* End PBXResourcesBuildPhase section */

/* Begin PBXSourcesBuildPhase section */
		25795C3C286DD01600AB1C29 /* Sources */ = {
			isa = PBXSourcesBuildPhase;
			buildActionMask = 2147483647;
			files = (
				25795C48286DD01600AB1C29 /* ViewController.swift in Sources */,
				25795C7B286DD4D000AB1C29 /* Test.m in Sources */,
				25795C44286DD01600AB1C29 /* AppDelegate.swift in Sources */,
				25795C46286DD01600AB1C29 /* SceneDelegate.swift in Sources */,
			);
			runOnlyForDeploymentPostprocessing = 0;
		};
/* End PBXSourcesBuildPhase section */

/* Begin PBXVariantGroup section */
		25795C49286DD01600AB1C29 /* Main.storyboard */ = {
			isa = PBXVariantGroup;
			children = (
				25795C4A286DD01600AB1C29 /* Base */,
			);
			name = Main.storyboard;
			sourceTree = "<group>";
		};
		25795C4E286DD01900AB1C29 /* LaunchScreen.storyboard */ = {
			isa = PBXVariantGroup;
			children = (
				25795C4F286DD01900AB1C29 /* Base */,
			);
			name = LaunchScreen.storyboard;
			sourceTree = "<group>";
		};
/* End PBXVariantGroup section */

/* Begin XCBuildConfiguration section */
		25795C52286DD01900AB1C29 /* Debug */ = {
			isa = XCBuildConfiguration;
			buildSettings = {
				ALWAYS_SEARCH_USER_PATHS = NO;
				CLANG_ANALYZER_NONNULL = YES;
				CLANG_ANALYZER_NUMBER_OBJECT_CONVERSION = YES_AGGRESSIVE;
				CLANG_CXX_LANGUAGE_STANDARD = "gnu++17";
				CLANG_CXX_LIBRARY = "libc++";
				CLANG_ENABLE_MODULES = YES;
				CLANG_ENABLE_OBJC_ARC = YES;
				CLANG_ENABLE_OBJC_WEAK = YES;
				CLANG_WARN_BLOCK_CAPTURE_AUTORELEASING = YES;
				CLANG_WARN_BOOL_CONVERSION = YES;
				CLANG_WARN_COMMA = YES;
				CLANG_WARN_CONSTANT_CONVERSION = YES;
				CLANG_WARN_DEPRECATED_OBJC_IMPLEMENTATIONS = YES;
				CLANG_WARN_DIRECT_OBJC_ISA_USAGE = YES_ERROR;
				CLANG_WARN_DOCUMENTATION_COMMENTS = YES;
				CLANG_WARN_EMPTY_BODY = YES;
				CLANG_WARN_ENUM_CONVERSION = YES;
				CLANG_WARN_INFINITE_RECURSION = YES;
				CLANG_WARN_INT_CONVERSION = YES;
				CLANG_WARN_NON_LITERAL_NULL_CONVERSION = YES;
				CLANG_WARN_OBJC_IMPLICIT_RETAIN_SELF = YES;
				CLANG_WARN_OBJC_LITERAL_CONVERSION = YES;
				CLANG_WARN_OBJC_ROOT_CLASS = YES_ERROR;
				CLANG_WARN_QUOTED_INCLUDE_IN_FRAMEWORK_HEADER = YES;
				CLANG_WARN_RANGE_LOOP_ANALYSIS = YES;
				CLANG_WARN_STRICT_PROTOTYPES = YES;
				CLANG_WARN_SUSPICIOUS_MOVE = YES;
				CLANG_WARN_UNGUARDED_AVAILABILITY = YES_AGGRESSIVE;
				CLANG_WARN_UNREACHABLE_CODE = YES;
				CLANG_WARN__DUPLICATE_METHOD_MATCH = YES;
				COPY_PHASE_STRIP = NO;
				DEBUG_INFORMATION_FORMAT = dwarf;
				ENABLE_STRICT_OBJC_MSGSEND = YES;
				ENABLE_TESTABILITY = YES;
				GCC_C_LANGUAGE_STANDARD = gnu11;
				GCC_DYNAMIC_NO_PIC = NO;
				GCC_NO_COMMON_BLOCKS = YES;
				GCC_OPTIMIZATION_LEVEL = 0;
				GCC_PREPROCESSOR_DEFINITIONS = (
					"DEBUG=1",
					"$(inherited)",
				);
				GCC_WARN_64_TO_32_BIT_CONVERSION = YES;
				GCC_WARN_ABOUT_RETURN_TYPE = YES_ERROR;
				GCC_WARN_UNDECLARED_SELECTOR = YES;
				GCC_WARN_UNINITIALIZED_AUTOS = YES_AGGRESSIVE;
				GCC_WARN_UNUSED_FUNCTION = YES;
				GCC_WARN_UNUSED_VARIABLE = YES;
				IPHONEOS_DEPLOYMENT_TARGET = 15.2;
				MTL_ENABLE_DEBUG_INFO = INCLUDE_SOURCE;
				MTL_FAST_MATH = YES;
				ONLY_ACTIVE_ARCH = YES;
				SDKROOT = iphoneos;
				SWIFT_ACTIVE_COMPILATION_CONDITIONS = DEBUG;
				SWIFT_OPTIMIZATION_LEVEL = "-Onone";
			};
			name = Debug;
		};
		25795C53286DD01900AB1C29 /* Release */ = {
			isa = XCBuildConfiguration;
			buildSettings = {
				ALWAYS_SEARCH_USER_PATHS = NO;
				CLANG_ANALYZER_NONNULL = YES;
				CLANG_ANALYZER_NUMBER_OBJECT_CONVERSION = YES_AGGRESSIVE;
				CLANG_CXX_LANGUAGE_STANDARD = "gnu++17";
				CLANG_CXX_LIBRARY = "libc++";
				CLANG_ENABLE_MODULES = YES;
				CLANG_ENABLE_OBJC_ARC = YES;
				CLANG_ENABLE_OBJC_WEAK = YES;
				CLANG_WARN_BLOCK_CAPTURE_AUTORELEASING = YES;
				CLANG_WARN_BOOL_CONVERSION = YES;
				CLANG_WARN_COMMA = YES;
				CLANG_WARN_CONSTANT_CONVERSION = YES;
				CLANG_WARN_DEPRECATED_OBJC_IMPLEMENTATIONS = YES;
				CLANG_WARN_DIRECT_OBJC_ISA_USAGE = YES_ERROR;
				CLANG_WARN_DOCUMENTATION_COMMENTS = YES;
				CLANG_WARN_EMPTY_BODY = YES;
				CLANG_WARN_ENUM_CONVERSION = YES;
				CLANG_WARN_INFINITE_RECURSION = YES;
				CLANG_WARN_INT_CONVERSION = YES;
				CLANG_WARN_NON_LITERAL_NULL_CONVERSION = YES;
				CLANG_WARN_OBJC_IMPLICIT_RETAIN_SELF = YES;
				CLANG_WARN_OBJC_LITERAL_CONVERSION = YES;
				CLANG_WARN_OBJC_ROOT_CLASS = YES_ERROR;
				CLANG_WARN_QUOTED_INCLUDE_IN_FRAMEWORK_HEADER = YES;
				CLANG_WARN_RANGE_LOOP_ANALYSIS = YES;
				CLANG_WARN_STRICT_PROTOTYPES = YES;
				CLANG_WARN_SUSPICIOUS_MOVE = YES;
				CLANG_WARN_UNGUARDED_AVAILABILITY = YES_AGGRESSIVE;
				CLANG_WARN_UNREACHABLE_CODE = YES;
				CLANG_WARN__DUPLICATE_METHOD_MATCH = YES;
				COPY_PHASE_STRIP = NO;
				DEBUG_INFORMATION_FORMAT = "dwarf-with-dsym";
				ENABLE_NS_ASSERTIONS = NO;
				ENABLE_STRICT_OBJC_MSGSEND = YES;
				GCC_C_LANGUAGE_STANDARD = gnu11;
				GCC_NO_COMMON_BLOCKS = YES;
				GCC_WARN_64_TO_32_BIT_CONVERSION = YES;
				GCC_WARN_ABOUT_RETURN_TYPE = YES_ERROR;
				GCC_WARN_UNDECLARED_SELECTOR = YES;
				GCC_WARN_UNINITIALIZED_AUTOS = YES_AGGRESSIVE;
				GCC_WARN_UNUSED_FUNCTION = YES;
				GCC_WARN_UNUSED_VARIABLE = YES;
				IPHONEOS_DEPLOYMENT_TARGET = 15.2;
				MTL_ENABLE_DEBUG_INFO = NO;
				MTL_FAST_MATH = YES;
				SDKROOT = iphoneos;
				SWIFT_COMPILATION_MODE = wholemodule;
				SWIFT_OPTIMIZATION_LEVEL = "-O";
				VALIDATE_PRODUCT = YES;
			};
			name = Release;
		};
		25795C55286DD01900AB1C29 /* Debug */ = {
			isa = XCBuildConfiguration;
			buildSettings = {
				ASSETCATALOG_COMPILER_APPICON_NAME = AppIcon;
				ASSETCATALOG_COMPILER_GLOBAL_ACCENT_COLOR_NAME = AccentColor;
				CLANG_ENABLE_MODULES = YES;
				CODE_SIGN_STYLE = Automatic;
				CURRENT_PROJECT_VERSION = 1;
				GENERATE_INFOPLIST_FILE = YES;
				INFOPLIST_FILE = RoadToSPMModuleNotFound/Info.plist;
				INFOPLIST_KEY_UIApplicationSupportsIndirectInputEvents = YES;
				INFOPLIST_KEY_UILaunchStoryboardName = LaunchScreen;
				INFOPLIST_KEY_UIMainStoryboardFile = Main;
				INFOPLIST_KEY_UISupportedInterfaceOrientations_iPad = "UIInterfaceOrientationPortrait UIInterfaceOrientationPortraitUpsideDown UIInterfaceOrientationLandscapeLeft UIInterfaceOrientationLandscapeRight";
				INFOPLIST_KEY_UISupportedInterfaceOrientations_iPhone = "UIInterfaceOrientationPortrait UIInterfaceOrientationLandscapeLeft UIInterfaceOrientationLandscapeRight";
				LD_RUNPATH_SEARCH_PATHS = (
					"$(inherited)",
					"@executable_path/Frameworks",
				);
				MARKETING_VERSION = 1.0;
				PRODUCT_BUNDLE_IDENTIFIER = ru.roadToSPM.RoadToSPMModuleNotFound;
				PRODUCT_NAME = "$(TARGET_NAME)";
				SWIFT_EMIT_LOC_STRINGS = YES;
				SWIFT_OBJC_BRIDGING_HEADER = "RoadToSPMModuleNotFound/RoadToSPMModuleNotFound-Bridging-Header.h";
				SWIFT_OPTIMIZATION_LEVEL = "-Onone";
				SWIFT_VERSION = 5.0;
				TARGETED_DEVICE_FAMILY = "1,2";
			};
			name = Debug;
		};
		25795C56286DD01900AB1C29 /* Release */ = {
			isa = XCBuildConfiguration;
			buildSettings = {
				ASSETCATALOG_COMPILER_APPICON_NAME = AppIcon;
				ASSETCATALOG_COMPILER_GLOBAL_ACCENT_COLOR_NAME = AccentColor;
				CLANG_ENABLE_MODULES = YES;
				CODE_SIGN_STYLE = Automatic;
				CURRENT_PROJECT_VERSION = 1;
				GENERATE_INFOPLIST_FILE = YES;
				INFOPLIST_FILE = RoadToSPMModuleNotFound/Info.plist;
				INFOPLIST_KEY_UIApplicationSupportsIndirectInputEvents = YES;
				INFOPLIST_KEY_UILaunchStoryboardName = LaunchScreen;
				INFOPLIST_KEY_UIMainStoryboardFile = Main;
				INFOPLIST_KEY_UISupportedInterfaceOrientations_iPad = "UIInterfaceOrientationPortrait UIInterfaceOrientationPortraitUpsideDown UIInterfaceOrientationLandscapeLeft UIInterfaceOrientationLandscapeRight";
				INFOPLIST_KEY_UISupportedInterfaceOrientations_iPhone = "UIInterfaceOrientationPortrait UIInterfaceOrientationLandscapeLeft UIInterfaceOrientationLandscapeRight";
				LD_RUNPATH_SEARCH_PATHS = (
					"$(inherited)",
					"@executable_path/Frameworks",
				);
				MARKETING_VERSION = 1.0;
				PRODUCT_BUNDLE_IDENTIFIER = ru.roadToSPM.RoadToSPMModuleNotFound;
				PRODUCT_NAME = "$(TARGET_NAME)";
				SWIFT_EMIT_LOC_STRINGS = YES;
				SWIFT_OBJC_BRIDGING_HEADER = "RoadToSPMModuleNotFound/RoadToSPMModuleNotFound-Bridging-Header.h";
				SWIFT_VERSION = 5.0;
				TARGETED_DEVICE_FAMILY = "1,2";
			};
			name = Release;
		};
/* End XCBuildConfiguration section */

/* Begin XCConfigurationList section */
		25795C3B286DD01600AB1C29 /* Build configuration list for PBXProject "RoadToSPMModuleNotFound" */ = {
			isa = XCConfigurationList;
			buildConfigurations = (
				25795C52286DD01900AB1C29 /* Debug */,
				25795C53286DD01900AB1C29 /* Release */,
			);
			defaultConfigurationIsVisible = 0;
			defaultConfigurationName = Release;
		};
		25795C54286DD01900AB1C29 /* Build configuration list for PBXNativeTarget "RoadToSPMModuleNotFound" */ = {
			isa = XCConfigurationList;
			buildConfigurations = (
				25795C55286DD01900AB1C29 /* Debug */,
				25795C56286DD01900AB1C29 /* Release */,
			);
			defaultConfigurationIsVisible = 0;
			defaultConfigurationName = Release;
		};
/* End XCConfigurationList section */

/* Begin XCSwiftPackageProductDependency section */
		25795C6F286DD0B400AB1C29 /* ModuleA */ = {
			isa = XCSwiftPackageProductDependency;
			productName = ModuleA;
		};
/* End XCSwiftPackageProductDependency section */
	};
	rootObject = 25795C38286DD01600AB1C29 /* Project object */;
}
